PODS:
  - AdCashFramework (3.1.28):
    - AdPopcornSSP (~> 2.10.2)
  - AdFitSDK (3.14.5)
  - AdPopcornSSP (2.10.2)
  - Ads-Global (7.1.0.8):
    - Ads-Global/BUAdSDK (= 7.1.0.8)
  - Ads-Global/BUAdSDK (7.1.0.8)
  - AppLovinSDK (13.1.0)
  - AvatyePointHome (1.8.7):
    - AdCashFramework (~> 3.1.28)
  - CaulySDK (3.1.22)
  - DropDown (2.3.13)
  - FairBidSDK (3.47.0):
    - Fyber_FMPAdapter (= 8.2.6)
  - FBAudienceNetwork (6.14.0)
  - Fyber_FMPAdapter (8.2.6):
    - Fyber_Marketplace_SDK (= 8.2.6)
  - Fyber_Marketplace_SDK (8.2.6)
  - KissXML (5.3.1):
    - KissXML/All (= 5.3.1)
  - KissXML/Additions (5.3.1):
    - KissXML/Core
  - KissXML/All (5.3.1):
    - KissXML/Additions
    - KissXML/Core
  - KissXML/Core (5.3.1)
  - MintegralAdSDK (7.7.1):
    - MintegralAdSDK/BannerAd (= 7.7.1)
    - MintegralAdSDK/BidBannerAd (= 7.7.1)
    - MintegralAdSDK/BidInterstitialVideoAd (= 7.7.1)
    - MintegralAdSDK/BidNativeAd (= 7.7.1)
    - MintegralAdSDK/BidNewInterstitialAd (= 7.7.1)
    - MintegralAdSDK/BidRewardVideoAd (= 7.7.1)
    - MintegralAdSDK/InterstitialVideoAd (= 7.7.1)
    - MintegralAdSDK/NativeAd (= 7.7.1)
    - MintegralAdSDK/NewInterstitialAd (= 7.7.1)
    - MintegralAdSDK/RewardVideoAd (= 7.7.1)
  - MintegralAdSDK/BannerAd (7.7.1):
    - MintegralAdSDK/NativeAd
  - MintegralAdSDK/BidBannerAd (7.7.1):
    - MintegralAdSDK/BannerAd
    - MintegralAdSDK/BidNativeAd
  - MintegralAdSDK/BidInterstitialVideoAd (7.7.1):
    - MintegralAdSDK/BidNativeAd
    - MintegralAdSDK/InterstitialVideoAd
  - MintegralAdSDK/BidNativeAd (7.7.1):
    - MintegralAdSDK/NativeAd
  - MintegralAdSDK/BidNewInterstitialAd (7.7.1):
    - MintegralAdSDK/BidNativeAd
    - MintegralAdSDK/NewInterstitialAd
  - MintegralAdSDK/BidRewardVideoAd (7.7.1):
    - MintegralAdSDK/BidNativeAd
    - MintegralAdSDK/RewardVideoAd
  - MintegralAdSDK/InterstitialVideoAd (7.7.1):
    - MintegralAdSDK/NativeAd
  - MintegralAdSDK/NativeAd (7.7.1)
  - MintegralAdSDK/NewInterstitialAd (7.7.1):
    - MintegralAdSDK/InterstitialVideoAd
    - MintegralAdSDK/NativeAd
  - MintegralAdSDK/RewardVideoAd (7.7.1):
    - MintegralAdSDK/NativeAd
  - NAMSDK (8.4.0):
    - NAMSDK/GFPSDK (= 8.4.0)
  - NAMSDK/GFPSDK (8.4.0):
    - KissXML (~> 5.2)
    - Naver-Ads-Services (~> 1.0.8)
  - NAMSDK/MediationNDA (8.4.0):
    - NAMSDK/GFPSDK
  - Naver-Ads-Services (1.0.9)
  - UnityAds (4.14.1)
  - VungleAds (7.4.5)

DEPENDENCIES:
  - AdCashFramework (from `../AvatyeFrameworks/sdk-ad-library-ios-src/`)
  - AdFitSDK (~> 3.14.0)
  - Ads-Global (~> 7.1.0.7)
  - AppLovinSDK (= 13.1.0)
  - AvatyePointHome (from `../AvatyeFrameworks/sdk-point-home-ios-src`)
  - CaulySDK (from `https://github.com/cauly/CaulySDK_iOS.git`, tag `3.1.22`)
  - DropDown
  - FairBidSDK (= 3.47.0)
  - FBAudienceNetwork (= 6.14.0)
  - MintegralAdSDK (= 7.7.1)
  - NAMSDK (= 8.4.0)
  - NAMSDK/MediationNDA (= 8.4.0)
  - UnityAds (= 4.14.1)
  - VungleAds (= 7.4.5)

SPEC REPOS:
  https://github.com/CocoaPods/Specs.git:
    - AdFitSDK
    - AdPopcornSSP
    - Ads-Global
    - AppLovinSDK
    - DropDown
    - FairBidSDK
    - FBAudienceNetwork
    - Fyber_FMPAdapter
    - Fyber_Marketplace_SDK
    - KissXML
    - MintegralAdSDK
    - NAMSDK
    - Naver-Ads-Services
    - UnityAds
    - VungleAds

EXTERNAL SOURCES:
  AdCashFramework:
    :path: "../AvatyeFrameworks/sdk-ad-library-ios-src/"
  AvatyePointHome:
    :path: "../AvatyeFrameworks/sdk-point-home-ios-src"
  CaulySDK:
    :git: https://github.com/cauly/CaulySDK_iOS.git
    :tag: 3.1.22

CHECKOUT OPTIONS:
  CaulySDK:
    :git: https://github.com/cauly/CaulySDK_iOS.git
    :tag: 3.1.22

SPEC CHECKSUMS:
  AdCashFramework: dfe557af299b72c988dadddf6f2cb046c5c66d61
  AdFitSDK: 421ea48b024d6274ea23d81d188457a21e6348ef
  AdPopcornSSP: 17a7709a868ccdc21dd49906067c936846082a32
  Ads-Global: 45b8be89540e1b2e2489f9de832b965f7a676e45
  AppLovinSDK: 539a0178d8bef4d68b2551a93526e0c1bba06cb2
  AvatyePointHome: 9e2b07671f632a9c4d7fe08eefeead4ce8197a15
  CaulySDK: 2799452c9923a7e00d145ff9d3f35c4c79bf992d
  DropDown: 8a2116376c1981888557f72ec2ffc9a5e0e456ec
  FairBidSDK: 994e949eabd4672cd28541ac1ff62c476ae5d405
  FBAudienceNetwork: 4d6223a9a88a22e9dca8c9e6c1829a8745b86228
  Fyber_FMPAdapter: 991eba5f1dec1fc7138c862a1eddb479a9ea407f
  Fyber_Marketplace_SDK: f41cd55ff0d5b257beccc70e5708acd350468b66
  KissXML: 5c8e0f2e8b9f071d3e1ae123dec3eb5da615c10c
  MintegralAdSDK: f7d1bebee3758d4c8f9784acef235429a85c4bde
  NAMSDK: 50bceab13ec959d15869d9fe2e75b18cc298f0d6
  Naver-Ads-Services: 3982a914de84655b96dbb71404e276ef120d6167
  UnityAds: b79991b34b0fc648f3b6052274ac8a0a3463cd4f
  VungleAds: 1da221690dd1a8710d0b6a4c7aeac14cb12d31ab

PODFILE CHECKSUM: 93d46456f61123be9d8bf7adc372794902b03fd1

COCOAPODS: 1.16.2
