PODS:
  - AdCashFramework (3.1.17):
    - AdPopcornSSP (~> 2.9.0)
  - AdFitSDK (3.14.5)
  - AdPopcornSSP (2.9.0)
  - Ads-Global (6.2.0.5):
    - Ads-Global/BUAdSDK (= 6.2.0.5)
  - Ads-Global/BUAdSDK (6.2.0.5):
    - Ads-Global/Dep_Accurate
  - Ads-Global/Dep_Accurate (6.2.0.5):
    - BURelyFoundation_Global/Pangle (= 1.0.0.6)
  - AppLovinSDK (13.0.1)
  - AvatyePointHome (1.7.14):
    - AdCashFramework (= 3.1.17)
  - BURelyFoundation_Global/AFNetworking (1.0.0.6)
  - BURelyFoundation_Global/APM (1.0.0.6)
  - BURelyFoundation_Global/Foundation (1.0.0.6):
    - BURelyFoundation_Global/NETWork
  - BURelyFoundation_Global/Gecko (1.0.0.6):
    - BURelyFoundation_Global/Foundation
  - BURelyFoundation_Global/Header (1.0.0.6)
  - BURelyFoundation_Global/NETWork (1.0.0.6):
    - BURelyFoundation_Global/AFNetworking
  - BURelyFoundation_Global/Pangle (1.0.0.6):
    - BURelyFoundation_Global/AFNetworking
    - BURelyFoundation_Global/APM
    - BURelyFoundation_Global/Foundation
    - BURelyFoundation_Global/Gecko
    - BURelyFoundation_Global/Header
    - BURelyFoundation_Global/NETWork
    - BURelyFoundation_Global/SDWebImage
    - BURelyFoundation_Global/YYModel
    - BURelyFoundation_Global/ZFPlayer
    - BURelyFoundation_Global/Zip
  - BURelyFoundation_Global/SDWebImage (1.0.0.6):
    - BURelyFoundation_Global/Foundation
  - BURelyFoundation_Global/YYModel (1.0.0.6)
  - BURelyFoundation_Global/ZFPlayer (1.0.0.6):
    - BURelyFoundation_Global/Foundation
    - BURelyFoundation_Global/Zip
  - BURelyFoundation_Global/Zip (1.0.0.6):
    - BURelyFoundation_Global/Foundation
  - CaulySDK (3.1.22)
  - FairBidSDK (3.47.0):
    - Fyber_FMPAdapter (= 8.2.6)
  - FBAudienceNetwork (6.14.0)
  - Fyber_FMPAdapter (8.2.6):
    - Fyber_Marketplace_SDK (= 8.2.6)
  - Fyber_Marketplace_SDK (8.2.6)
  - KissXML (5.3.1):
    - KissXML/All (= 5.3.1)
  - KissXML/Additions (5.3.1):
    - KissXML/Core
  - KissXML/All (5.3.1):
    - KissXML/Additions
    - KissXML/Core
  - KissXML/Core (5.3.1)
  - MintegralAdSDK (7.7.1):
    - MintegralAdSDK/BannerAd (= 7.7.1)
    - MintegralAdSDK/BidBannerAd (= 7.7.1)
    - MintegralAdSDK/BidInterstitialVideoAd (= 7.7.1)
    - MintegralAdSDK/BidNativeAd (= 7.7.1)
    - MintegralAdSDK/BidNewInterstitialAd (= 7.7.1)
    - MintegralAdSDK/BidRewardVideoAd (= 7.7.1)
    - MintegralAdSDK/InterstitialVideoAd (= 7.7.1)
    - MintegralAdSDK/NativeAd (= 7.7.1)
    - MintegralAdSDK/NewInterstitialAd (= 7.7.1)
    - MintegralAdSDK/RewardVideoAd (= 7.7.1)
  - MintegralAdSDK/BannerAd (7.7.1):
    - MintegralAdSDK/NativeAd
  - MintegralAdSDK/BidBannerAd (7.7.1):
    - MintegralAdSDK/BannerAd
    - MintegralAdSDK/BidNativeAd
  - MintegralAdSDK/BidInterstitialVideoAd (7.7.1):
    - MintegralAdSDK/BidNativeAd
    - MintegralAdSDK/InterstitialVideoAd
  - MintegralAdSDK/BidNativeAd (7.7.1):
    - MintegralAdSDK/NativeAd
  - MintegralAdSDK/BidNewInterstitialAd (7.7.1):
    - MintegralAdSDK/BidNativeAd
    - MintegralAdSDK/NewInterstitialAd
  - MintegralAdSDK/BidRewardVideoAd (7.7.1):
    - MintegralAdSDK/BidNativeAd
    - MintegralAdSDK/RewardVideoAd
  - MintegralAdSDK/InterstitialVideoAd (7.7.1):
    - MintegralAdSDK/NativeAd
  - MintegralAdSDK/NativeAd (7.7.1)
  - MintegralAdSDK/NewInterstitialAd (7.7.1):
    - MintegralAdSDK/InterstitialVideoAd
    - MintegralAdSDK/NativeAd
  - MintegralAdSDK/RewardVideoAd (7.7.1):
    - MintegralAdSDK/NativeAd
  - NAMSDK (7.10.1):
    - NAMSDK/GFPSDK (= 7.10.1)
  - NAMSDK/GFPSDK (7.10.1):
    - KissXML (~> 5.2)
    - Naver-Ads-Services (~> 1.0.8)
  - NAMSDK/MediationNDA (7.10.1):
    - NAMSDK/GFPSDK
  - Naver-Ads-Services (1.0.9)
  - UnityAds (4.12.2)
  - VungleAds (7.4.1)

DEPENDENCIES:
  - AdCashFramework (from `../AvatyeFrameworks/sdk-ad-library-ios-src/`)
  - AdFitSDK (~> 3.14.0)
  - Ads-Global (= 6.2.0.5)
  - AppLovinSDK (= 13.0.1)
  - AvatyePointHome (from `../AvatyeFrameworks/sdk-point-home-ios-src`)
  - CaulySDK (from `https://github.com/cauly/CaulySDK_iOS.git`, tag `3.1.22`)
  - FairBidSDK (= 3.47.0)
  - FBAudienceNetwork (= 6.14.0)
  - MintegralAdSDK (= 7.7.1)
  - NAMSDK (= 7.10.1)
  - NAMSDK/MediationNDA (= 7.10.1)
  - UnityAds (= 4.12.2)
  - VungleAds (= 7.4.1)

SPEC REPOS:
  https://github.com/CocoaPods/Specs.git:
    - AdFitSDK
    - AdPopcornSSP
    - Ads-Global
    - AppLovinSDK
    - BURelyFoundation_Global
    - FairBidSDK
    - FBAudienceNetwork
    - Fyber_FMPAdapter
    - Fyber_Marketplace_SDK
    - KissXML
    - MintegralAdSDK
    - NAMSDK
    - Naver-Ads-Services
    - UnityAds
    - VungleAds

EXTERNAL SOURCES:
  AdCashFramework:
    :path: "../AvatyeFrameworks/sdk-ad-library-ios-src/"
  AvatyePointHome:
    :path: "../AvatyeFrameworks/sdk-point-home-ios-src"
  CaulySDK:
    :git: https://github.com/cauly/CaulySDK_iOS.git
    :tag: 3.1.22

CHECKOUT OPTIONS:
  CaulySDK:
    :git: https://github.com/cauly/CaulySDK_iOS.git
    :tag: 3.1.22

SPEC CHECKSUMS:
  AdCashFramework: 4c448d2f9f41d18f0e0bef94f299c0dc12236612
  AdFitSDK: 421ea48b024d6274ea23d81d188457a21e6348ef
  AdPopcornSSP: 1a762cda1e43197f972f2d878b115bfab9e2bfff
  Ads-Global: 7da585d796df191827a52c1ea4a754e0425d8e11
  AppLovinSDK: fdae6a4361c9c9b09f8d7d18ede792368221d987
  AvatyePointHome: 01bd6de5ab3c269084a8bc9da2b54ce06efc1435
  BURelyFoundation_Global: 17faee76affe097bd20b422fe829f9f90ed10e25
  CaulySDK: 2799452c9923a7e00d145ff9d3f35c4c79bf992d
  FairBidSDK: 994e949eabd4672cd28541ac1ff62c476ae5d405
  FBAudienceNetwork: 4d6223a9a88a22e9dca8c9e6c1829a8745b86228
  Fyber_FMPAdapter: 991eba5f1dec1fc7138c862a1eddb479a9ea407f
  Fyber_Marketplace_SDK: f41cd55ff0d5b257beccc70e5708acd350468b66
  KissXML: 5c8e0f2e8b9f071d3e1ae123dec3eb5da615c10c
  MintegralAdSDK: f7d1bebee3758d4c8f9784acef235429a85c4bde
  NAMSDK: c5857c70429aa49ec70f0364b069e3aa4b1323f1
  Naver-Ads-Services: 3982a914de84655b96dbb71404e276ef120d6167
  UnityAds: f746f4baac748fcf8b70f0d70c816f6316808d3e
  VungleAds: 97140121d0b909891eb217d1c102a194601da607

PODFILE CHECKSUM: 73c248125ab24d57bd369b79d035a76d6def1447

COCOAPODS: 1.16.2
